// !$*UTF8*$!
{
	archiveVersion = 1;
	classes = {
	};
	objectVersion = 56;
	objects = {

/* Begin PBXBuildFile section */
		C07A3DC829E35D4C00D0868C /* WeatherAppApp.swift in Sources */ = {isa = PBXBuildFile; fileRef = C07A3DC729E35D4C00D0868C /* WeatherAppApp.swift */; };
		C07A3DCA29E35D4C00D0868C /* ContentView.swift in Sources */ = {isa = PBXBuildFile; fileRef = C07A3DC929E35D4C00D0868C /* ContentView.swift */; };
		C07A3DCC29E35D4D00D0868C /* Assets.xcassets in Resources */ = {isa = PBXBuildFile; fileRef = C07A3DCB29E35D4D00D0868C /* Assets.xcassets */; };
		C07A3DCF29E35D4D00D0868C /* Preview Assets.xcassets in Resources */ = {isa = PBXBuildFile; fileRef = C07A3DCE29E35D4D00D0868C /* Preview Assets.xcassets */; };
		C07A3DD829E35E1200D0868C /* TutorialView.swift in Sources */ = {isa = PBXBuildFile; fileRef = C07A3DD729E35E1200D0868C /* TutorialView.swift */; };
		C07A3DDA29E363DC00D0868C /* Colors.swift in Sources */ = {isa = PBXBuildFile; fileRef = C07A3DD929E363DC00D0868C /* Colors.swift */; };
		C07A3DDC29E36C1700D0868C /* Percent.swift in Sources */ = {isa = PBXBuildFile; fileRef = C07A3DDB29E36C1700D0868C /* Percent.swift */; };
		C07A3DDF29E36E9900D0868C /* TutorialStep.swift in Sources */ = {isa = PBXBuildFile; fileRef = C07A3DDE29E36E9900D0868C /* TutorialStep.swift */; };
		C0D6FA5729E48073005EED0C /* SplashScreen.swift in Sources */ = {isa = PBXBuildFile; fileRef = C0D6FA5629E48073005EED0C /* SplashScreen.swift */; };
		C0D6FA5929E48822005EED0C /* HomeView.swift in Sources */ = {isa = PBXBuildFile; fileRef = C0D6FA5829E48822005EED0C /* HomeView.swift */; };
/* End PBXBuildFile section */

/* Begin PBXFileReference section */
		C07A3DC429E35D4C00D0868C /* WeatherApp.app */ = {isa = PBXFileReference; explicitFileType = wrapper.application; includeInIndex = 0; path = WeatherApp.app; sourceTree = BUILT_PRODUCTS_DIR; };
		C07A3DC729E35D4C00D0868C /* WeatherAppApp.swift */ = {isa = PBXFileReference; lastKnownFileType = sourcecode.swift; path = WeatherAppApp.swift; sourceTree = "<group>"; };
		C07A3DC929E35D4C00D0868C /* ContentView.swift */ = {isa = PBXFileReference; lastKnownFileType = sourcecode.swift; path = ContentView.swift; sourceTree = "<group>"; };
		C07A3DCB29E35D4D00D0868C /* Assets.xcassets */ = {isa = PBXFileReference; lastKnownFileType = folder.assetcatalog; path = Assets.xcassets; sourceTree = "<group>"; };
		C07A3DCE29E35D4D00D0868C /* Preview Assets.xcassets */ = {isa = PBXFileReference; lastKnownFileType = folder.assetcatalog; path = "Preview Assets.xcassets"; sourceTree = "<group>"; };
		C07A3DD729E35E1200D0868C /* TutorialView.swift */ = {isa = PBXFileReference; lastKnownFileType = sourcecode.swift; path = TutorialView.swift; sourceTree = "<group>"; };
		C07A3DD929E363DC00D0868C /* Colors.swift */ = {isa = PBXFileReference; lastKnownFileType = sourcecode.swift; path = Colors.swift; sourceTree = "<group>"; };
		C07A3DDB29E36C1700D0868C /* Percent.swift */ = {isa = PBXFileReference; lastKnownFileType = sourcecode.swift; path = Percent.swift; sourceTree = "<group>"; };
		C07A3DDE29E36E9900D0868C /* TutorialStep.swift */ = {isa = PBXFileReference; lastKnownFileType = sourcecode.swift; path = TutorialStep.swift; sourceTree = "<group>"; };
		C0D6FA5629E48073005EED0C /* SplashScreen.swift */ = {isa = PBXFileReference; lastKnownFileType = sourcecode.swift; path = SplashScreen.swift; sourceTree = "<group>"; };
		C0D6FA5829E48822005EED0C /* HomeView.swift */ = {isa = PBXFileReference; lastKnownFileType = sourcecode.swift; path = HomeView.swift; sourceTree = "<group>"; };
/* End PBXFileReference section */

/* Begin PBXFrameworksBuildPhase section */
		C07A3DC129E35D4C00D0868C /* Frameworks */ = {
			isa = PBXFrameworksBuildPhase;
			buildActionMask = 2147483647;
			files = (
			);
			runOnlyForDeploymentPostprocessing = 0;
		};
/* End PBXFrameworksBuildPhase section */

/* Begin PBXGroup section */
		C07A3DBB29E35D4C00D0868C = {
			isa = PBXGroup;
			children = (
				C07A3DC629E35D4C00D0868C /* WeatherApp */,
				C07A3DC529E35D4C00D0868C /* Products */,
			);
			sourceTree = "<group>";
		};
		C07A3DC529E35D4C00D0868C /* Products */ = {
			isa = PBXGroup;
			children = (
				C07A3DC429E35D4C00D0868C /* WeatherApp.app */,
			);
			name = Products;
			sourceTree = "<group>";
		};
		C07A3DC629E35D4C00D0868C /* WeatherApp */ = {
			isa = PBXGroup;
			children = (
				C07A3DDD29E36E8400D0868C /* Model */,
				C07A3DD529E35DDB00D0868C /* View */,
				C07A3DC729E35D4C00D0868C /* WeatherAppApp.swift */,
				C07A3DCB29E35D4D00D0868C /* Assets.xcassets */,
				C07A3DCD29E35D4D00D0868C /* Preview Content */,
				C07A3DD929E363DC00D0868C /* Colors.swift */,
				C07A3DDB29E36C1700D0868C /* Percent.swift */,
			);
			path = WeatherApp;
			sourceTree = "<group>";
		};
		C07A3DCD29E35D4D00D0868C /* Preview Content */ = {
			isa = PBXGroup;
			children = (
				C07A3DCE29E35D4D00D0868C /* Preview Assets.xcassets */,
			);
			path = "Preview Content";
			sourceTree = "<group>";
		};
		C07A3DD529E35DDB00D0868C /* View */ = {
			isa = PBXGroup;
			children = (
				C07A3DC929E35D4C00D0868C /* ContentView.swift */,
				C0D6FA5629E48073005EED0C /* SplashScreen.swift */,
				C07A3DD729E35E1200D0868C /* TutorialView.swift */,
				C0D6FA5829E48822005EED0C /* HomeView.swift */,
			);
			path = View;
			sourceTree = "<group>";
		};
		C07A3DDD29E36E8400D0868C /* Model */ = {
			isa = PBXGroup;
			children = (
				C07A3DDE29E36E9900D0868C /* TutorialStep.swift */,
			);
			path = Model;
			sourceTree = "<group>";
		};
/* End PBXGroup section */

/* Begin PBXNativeTarget section */
		C07A3DC329E35D4C00D0868C /* WeatherApp */ = {
			isa = PBXNativeTarget;
			buildConfigurationList = C07A3DD229E35D4D00D0868C /* Build configuration list for PBXNativeTarget "WeatherApp" */;
			buildPhases = (
				C07A3DC029E35D4C00D0868C /* Sources */,
				C07A3DC129E35D4C00D0868C /* Frameworks */,
				C07A3DC229E35D4C00D0868C /* Resources */,
			);
			buildRules = (
			);
			dependencies = (
			);
			name = WeatherApp;
			productName = WeatherApp;
			productReference = C07A3DC429E35D4C00D0868C /* WeatherApp.app */;
			productType = "com.apple.product-type.application";
		};
/* End PBXNativeTarget section */

/* Begin PBXProject section */
		C07A3DBC29E35D4C00D0868C /* Project object */ = {
			isa = PBXProject;
			attributes = {
				BuildIndependentTargetsInParallel = 1;
				LastSwiftUpdateCheck = 1420;
				LastUpgradeCheck = 1420;
				TargetAttributes = {
					C07A3DC329E35D4C00D0868C = {
						CreatedOnToolsVersion = 14.2;
					};
				};
			};
			buildConfigurationList = C07A3DBF29E35D4C00D0868C /* Build configuration list for PBXProject "WeatherApp" */;
			compatibilityVersion = "Xcode 14.0";
			developmentRegion = en;
			hasScannedForEncodings = 0;
			knownRegions = (
				en,
				Base,
			);
			mainGroup = C07A3DBB29E35D4C00D0868C;
			productRefGroup = C07A3DC529E35D4C00D0868C /* Products */;
			projectDirPath = "";
			projectRoot = "";
			targets = (
				C07A3DC329E35D4C00D0868C /* WeatherApp */,
			);
		};
/* End PBXProject section */

/* Begin PBXResourcesBuildPhase section */
		C07A3DC229E35D4C00D0868C /* Resources */ = {
			isa = PBXResourcesBuildPhase;
			buildActionMask = 2147483647;
			files = (
				C07A3DCF29E35D4D00D0868C /* Preview Assets.xcassets in Resources */,
				C07A3DCC29E35D4D00D0868C /* Assets.xcassets in Resources */,
			);
			runOnlyForDeploymentPostprocessing = 0;
		};
/* End PBXResourcesBuildPhase section */

/* Begin PBXSourcesBuildPhase section */
		C07A3DC029E35D4C00D0868C /* Sources */ = {
			isa = PBXSourcesBuildPhase;
			buildActionMask = 2147483647;
			files = (
				C07A3DCA29E35D4C00D0868C /* ContentView.swift in Sources */,
				C07A3DDF29E36E9900D0868C /* TutorialStep.swift in Sources */,
				C0D6FA5729E48073005EED0C /* SplashScreen.swift in Sources */,
				C07A3DDA29E363DC00D0868C /* Colors.swift in Sources */,
				C07A3DC829E35D4C00D0868C /* WeatherAppApp.swift in Sources */,
				C0D6FA5929E48822005EED0C /* HomeView.swift in Sources */,
				C07A3DDC29E36C1700D0868C /* Percent.swift in Sources */,
				C07A3DD829E35E1200D0868C /* TutorialView.swift in Sources */,
			);
			runOnlyForDeploymentPostprocessing = 0;
		};
/* End PBXSourcesBuildPhase section */

/* Begin XCBuildConfiguration section */
		C07A3DD029E35D4D00D0868C /* Debug */ = {
			isa = XCBuildConfiguration;
			buildSettings = {
				ALWAYS_SEARCH_USER_PATHS = NO;
				CLANG_ANALYZER_NONNULL = YES;
				CLANG_ANALYZER_NUMBER_OBJECT_CONVERSION = YES_AGGRESSIVE;
				CLANG_CXX_LANGUAGE_STANDARD = "gnu++20";
				CLANG_ENABLE_MODULES = YES;
				CLANG_ENABLE_OBJC_ARC = YES;
				CLANG_ENABLE_OBJC_WEAK = YES;
				CLANG_WARN_BLOCK_CAPTURE_AUTORELEASING = YES;
				CLANG_WARN_BOOL_CONVERSION = YES;
				CLANG_WARN_COMMA = YES;
				CLANG_WARN_CONSTANT_CONVERSION = YES;
				CLANG_WARN_DEPRECATED_OBJC_IMPLEMENTATIONS = YES;
				CLANG_WARN_DIRECT_OBJC_ISA_USAGE = YES_ERROR;
				CLANG_WARN_DOCUMENTATION_COMMENTS = YES;
				CLANG_WARN_EMPTY_BODY = YES;
				CLANG_WARN_ENUM_CONVERSION = YES;
				CLANG_WARN_INFINITE_RECURSION = YES;
				CLANG_WARN_INT_CONVERSION = YES;
				CLANG_WARN_NON_LITERAL_NULL_CONVERSION = YES;
				CLANG_WARN_OBJC_IMPLICIT_RETAIN_SELF = YES;
				CLANG_WARN_OBJC_LITERAL_CONVERSION = YES;
				CLANG_WARN_OBJC_ROOT_CLASS = YES_ERROR;
				CLANG_WARN_QUOTED_INCLUDE_IN_FRAMEWORK_HEADER = YES;
				CLANG_WARN_RANGE_LOOP_ANALYSIS = YES;
				CLANG_WARN_STRICT_PROTOTYPES = YES;
				CLANG_WARN_SUSPICIOUS_MOVE = YES;
				CLANG_WARN_UNGUARDED_AVAILABILITY = YES_AGGRESSIVE;
				CLANG_WARN_UNREACHABLE_CODE = YES;
				CLANG_WARN__DUPLICATE_METHOD_MATCH = YES;
				COPY_PHASE_STRIP = NO;
				DEBUG_INFORMATION_FORMAT = dwarf;
				ENABLE_STRICT_OBJC_MSGSEND = YES;
				ENABLE_TESTABILITY = YES;
				GCC_C_LANGUAGE_STANDARD = gnu11;
				GCC_DYNAMIC_NO_PIC = NO;
				GCC_NO_COMMON_BLOCKS = YES;
				GCC_OPTIMIZATION_LEVEL = 0;
				GCC_PREPROCESSOR_DEFINITIONS = (
					"DEBUG=1",
					"$(inherited)",
				);
				GCC_WARN_64_TO_32_BIT_CONVERSION = YES;
				GCC_WARN_ABOUT_RETURN_TYPE = YES_ERROR;
				GCC_WARN_UNDECLARED_SELECTOR = YES;
				GCC_WARN_UNINITIALIZED_AUTOS = YES_AGGRESSIVE;
				GCC_WARN_UNUSED_FUNCTION = YES;
				GCC_WARN_UNUSED_VARIABLE = YES;
				IPHONEOS_DEPLOYMENT_TARGET = 16.2;
				MTL_ENABLE_DEBUG_INFO = INCLUDE_SOURCE;
				MTL_FAST_MATH = YES;
				ONLY_ACTIVE_ARCH = YES;
				SDKROOT = iphoneos;
				SWIFT_ACTIVE_COMPILATION_CONDITIONS = DEBUG;
				SWIFT_OPTIMIZATION_LEVEL = "-Onone";
			};
			name = Debug;
		};
		C07A3DD129E35D4D00D0868C /* Release */ = {
			isa = XCBuildConfiguration;
			buildSettings = {
				ALWAYS_SEARCH_USER_PATHS = NO;
				CLANG_ANALYZER_NONNULL = YES;
				CLANG_ANALYZER_NUMBER_OBJECT_CONVERSION = YES_AGGRESSIVE;
				CLANG_CXX_LANGUAGE_STANDARD = "gnu++20";
				CLANG_ENABLE_MODULES = YES;
				CLANG_ENABLE_OBJC_ARC = YES;
				CLANG_ENABLE_OBJC_WEAK = YES;
				CLANG_WARN_BLOCK_CAPTURE_AUTORELEASING = YES;
				CLANG_WARN_BOOL_CONVERSION = YES;
				CLANG_WARN_COMMA = YES;
				CLANG_WARN_CONSTANT_CONVERSION = YES;
				CLANG_WARN_DEPRECATED_OBJC_IMPLEMENTATIONS = YES;
				CLANG_WARN_DIRECT_OBJC_ISA_USAGE = YES_ERROR;
				CLANG_WARN_DOCUMENTATION_COMMENTS = YES;
				CLANG_WARN_EMPTY_BODY = YES;
				CLANG_WARN_ENUM_CONVERSION = YES;
				CLANG_WARN_INFINITE_RECURSION = YES;
				CLANG_WARN_INT_CONVERSION = YES;
				CLANG_WARN_NON_LITERAL_NULL_CONVERSION = YES;
				CLANG_WARN_OBJC_IMPLICIT_RETAIN_SELF = YES;
				CLANG_WARN_OBJC_LITERAL_CONVERSION = YES;
				CLANG_WARN_OBJC_ROOT_CLASS = YES_ERROR;
				CLANG_WARN_QUOTED_INCLUDE_IN_FRAMEWORK_HEADER = YES;
				CLANG_WARN_RANGE_LOOP_ANALYSIS = YES;
				CLANG_WARN_STRICT_PROTOTYPES = YES;
				CLANG_WARN_SUSPICIOUS_MOVE = YES;
				CLANG_WARN_UNGUARDED_AVAILABILITY = YES_AGGRESSIVE;
				CLANG_WARN_UNREACHABLE_CODE = YES;
				CLANG_WARN__DUPLICATE_METHOD_MATCH = YES;
				COPY_PHASE_STRIP = NO;
				DEBUG_INFORMATION_FORMAT = "dwarf-with-dsym";
				ENABLE_NS_ASSERTIONS = NO;
				ENABLE_STRICT_OBJC_MSGSEND = YES;
				GCC_C_LANGUAGE_STANDARD = gnu11;
				GCC_NO_COMMON_BLOCKS = YES;
				GCC_WARN_64_TO_32_BIT_CONVERSION = YES;
				GCC_WARN_ABOUT_RETURN_TYPE = YES_ERROR;
				GCC_WARN_UNDECLARED_SELECTOR = YES;
				GCC_WARN_UNINITIALIZED_AUTOS = YES_AGGRESSIVE;
				GCC_WARN_UNUSED_FUNCTION = YES;
				GCC_WARN_UNUSED_VARIABLE = YES;
				IPHONEOS_DEPLOYMENT_TARGET = 16.2;
				MTL_ENABLE_DEBUG_INFO = NO;
				MTL_FAST_MATH = YES;
				SDKROOT = iphoneos;
				SWIFT_COMPILATION_MODE = wholemodule;
				SWIFT_OPTIMIZATION_LEVEL = "-O";
				VALIDATE_PRODUCT = YES;
			};
			name = Release;
		};
		C07A3DD329E35D4D00D0868C /* Debug */ = {
			isa = XCBuildConfiguration;
			buildSettings = {
				ASSETCATALOG_COMPILER_APPICON_NAME = AppIcon;
				ASSETCATALOG_COMPILER_GLOBAL_ACCENT_COLOR_NAME = AccentColor;
				CODE_SIGN_STYLE = Automatic;
				CURRENT_PROJECT_VERSION = 1;
				DEVELOPMENT_ASSET_PATHS = "\"WeatherApp/Preview Content\"";
				DEVELOPMENT_TEAM = BLDRM47D73;
				ENABLE_PREVIEWS = YES;
				GENERATE_INFOPLIST_FILE = YES;
				INFOPLIST_KEY_UIApplicationSceneManifest_Generation = YES;
				INFOPLIST_KEY_UIApplicationSupportsIndirectInputEvents = YES;
				INFOPLIST_KEY_UILaunchScreen_Generation = YES;
				INFOPLIST_KEY_UISupportedInterfaceOrientations_iPad = "UIInterfaceOrientationPortrait UIInterfaceOrientationPortraitUpsideDown UIInterfaceOrientationLandscapeLeft UIInterfaceOrientationLandscapeRight";
				INFOPLIST_KEY_UISupportedInterfaceOrientations_iPhone = "UIInterfaceOrientationPortrait UIInterfaceOrientationLandscapeLeft UIInterfaceOrientationLandscapeRight";
				LD_RUNPATH_SEARCH_PATHS = (
					"$(inherited)",
					"@executable_path/Frameworks",
				);
				MARKETING_VERSION = 1.0;
				PRODUCT_BUNDLE_IDENTIFIER = com.muhammetkadir.WeatherApp;
				PRODUCT_NAME = "$(TARGET_NAME)";
				SWIFT_EMIT_LOC_STRINGS = YES;
				SWIFT_VERSION = 5.0;
				TARGETED_DEVICE_FAMILY = "1,2";
			};
			name = Debug;
		};
		C07A3DD429E35D4D00D0868C /* Release */ = {
			isa = XCBuildConfiguration;
			buildSettings = {
				ASSETCATALOG_COMPILER_APPICON_NAME = AppIcon;
				ASSETCATALOG_COMPILER_GLOBAL_ACCENT_COLOR_NAME = AccentColor;
				CODE_SIGN_STYLE = Automatic;
				CURRENT_PROJECT_VERSION = 1;
				DEVELOPMENT_ASSET_PATHS = "\"WeatherApp/Preview Content\"";
				DEVELOPMENT_TEAM = BLDRM47D73;
				ENABLE_PREVIEWS = YES;
				GENERATE_INFOPLIST_FILE = YES;
				INFOPLIST_KEY_UIApplicationSceneManifest_Generation = YES;
				INFOPLIST_KEY_UIApplicationSupportsIndirectInputEvents = YES;
				INFOPLIST_KEY_UILaunchScreen_Generation = YES;
				INFOPLIST_KEY_UISupportedInterfaceOrientations_iPad = "UIInterfaceOrientationPortrait UIInterfaceOrientationPortraitUpsideDown UIInterfaceOrientationLandscapeLeft UIInterfaceOrientationLandscapeRight";
				INFOPLIST_KEY_UISupportedInterfaceOrientations_iPhone = "UIInterfaceOrientationPortrait UIInterfaceOrientationLandscapeLeft UIInterfaceOrientationLandscapeRight";
				LD_RUNPATH_SEARCH_PATHS = (
					"$(inherited)",
					"@executable_path/Frameworks",
				);
				MARKETING_VERSION = 1.0;
				PRODUCT_BUNDLE_IDENTIFIER = com.muhammetkadir.WeatherApp;
				PRODUCT_NAME = "$(TARGET_NAME)";
				SWIFT_EMIT_LOC_STRINGS = YES;
				SWIFT_VERSION = 5.0;
				TARGETED_DEVICE_FAMILY = "1,2";
			};
			name = Release;
		};
/* End XCBuildConfiguration section */

/* Begin XCConfigurationList section */
		C07A3DBF29E35D4C00D0868C /* Build configuration list for PBXProject "WeatherApp" */ = {
			isa = XCConfigurationList;
			buildConfigurations = (
				C07A3DD029E35D4D00D0868C /* Debug */,
				C07A3DD129E35D4D00D0868C /* Release */,
			);
			defaultConfigurationIsVisible = 0;
			defaultConfigurationName = Release;
		};
		C07A3DD229E35D4D00D0868C /* Build configuration list for PBXNativeTarget "WeatherApp" */ = {
			isa = XCConfigurationList;
			buildConfigurations = (
				C07A3DD329E35D4D00D0868C /* Debug */,
				C07A3DD429E35D4D00D0868C /* Release */,
			);
			defaultConfigurationIsVisible = 0;
			defaultConfigurationName = Release;
		};
/* End XCConfigurationList section */
	};
	rootObject = C07A3DBC29E35D4C00D0868C /* Project object */;
}
